
Microsoft Visual Studio Solution File, Format Version 12.00
# Visual Studio Version 16
VisualStudioVersion = 16.0.30611.23
MinimumVisualStudioVersion = 10.0.40219.1
Project("{FAE04EC0-301F-11D3-BF4B-00C04F79EFBC}") = "Final Project G12", "Final Project G12.csproj", "{AFC2197E-2AD2-4674-B5AF-77EC4CD12AE8}"
EndProject
Global
	GlobalSection(SolutionConfigurationPlatforms) = preSolution
		Debug|Any CPU = Debug|Any CPU
		Release|Any CPU = Release|Any CPU
	EndGlobalSection
	GlobalSection(ProjectConfigurationPlatforms) = postSolution
		{AFC2197E-2AD2-4674-B5AF-77EC4CD12AE8}.Debug|Any CPU.ActiveCfg = Debug|Any CPU
		{AFC2197E-2AD2-4674-B5AF-77EC4CD12AE8}.Debug|Any CPU.Build.0 = Debug|Any CPU
		{AFC2197E-2AD2-4674-B5AF-77EC4CD12AE8}.Release|Any CPU.ActiveCfg = Release|Any CPU
		{AFC2197E-2AD2-4674-B5AF-77EC4CD12AE8}.Release|Any CPU.Build.0 = Release|Any CPU
	EndGlobalSection
	GlobalSection(SolutionProperties) = preSolution
		HideSolutionNode = FALSE
	EndGlobalSection
	GlobalSection(ExtensibilityGlobals) = postSolution
		SolutionGuid = {AE6DF0CB-ECE0-469C-9B5C-6CB64ECED6D9}
	EndGlobalSection
EndGlobal
